
Microsoft Visual Studio Solution File, Format Version 12.00
# Visual Studio 2012
Project("{FAE04EC0-301F-11D3-BF4B-00C04F79EFBC}") = "Consul.Net", "Consul.Net\Consul.Net.csproj", "{2250D834-22C6-497A-A4BF-F60AFCE38F6C}"
EndProject
Project("{FAE04EC0-301F-11D3-BF4B-00C04F79EFBC}") = "Consul.Net.TestSuite", "Consul.Net.TestSuite\Consul.Net.TestSuite.csproj", "{FE6881BD-5D1E-4F35-B72C-FE7C8930C3CE}"
EndProject
Project("{FAE04EC0-301F-11D3-BF4B-00C04F79EFBC}") = "Consul.Net.Modules", "Consul.Net.Modules\Consul.Net.Modules.csproj", "{9B8F0B03-43AD-4485-89A6-38462CFC1F56}"
EndProject
Project("{FAE04EC0-301F-11D3-BF4B-00C04F79EFBC}") = "Consul.Net.Modules.TestSuite", "Consul.Net.Modules.TestSuite\Consul.Net.Modules.TestSuite.csproj", "{752C4300-0ACB-4964-A3B7-3A9E333E753C}"
EndProject
Global
	GlobalSection(SolutionConfigurationPlatforms) = preSolution
		Debug|Any CPU = Debug|Any CPU
		Release|Any CPU = Release|Any CPU
	EndGlobalSection
	GlobalSection(ProjectConfigurationPlatforms) = postSolution
		{2250D834-22C6-497A-A4BF-F60AFCE38F6C}.Debug|Any CPU.ActiveCfg = Debug|Any CPU
		{2250D834-22C6-497A-A4BF-F60AFCE38F6C}.Debug|Any CPU.Build.0 = Debug|Any CPU
		{2250D834-22C6-497A-A4BF-F60AFCE38F6C}.Release|Any CPU.ActiveCfg = Release|Any CPU
		{2250D834-22C6-497A-A4BF-F60AFCE38F6C}.Release|Any CPU.Build.0 = Release|Any CPU
		{FE6881BD-5D1E-4F35-B72C-FE7C8930C3CE}.Debug|Any CPU.ActiveCfg = Debug|Any CPU
		{FE6881BD-5D1E-4F35-B72C-FE7C8930C3CE}.Debug|Any CPU.Build.0 = Debug|Any CPU
		{FE6881BD-5D1E-4F35-B72C-FE7C8930C3CE}.Release|Any CPU.ActiveCfg = Release|Any CPU
		{FE6881BD-5D1E-4F35-B72C-FE7C8930C3CE}.Release|Any CPU.Build.0 = Release|Any CPU
		{9B8F0B03-43AD-4485-89A6-38462CFC1F56}.Debug|Any CPU.ActiveCfg = Debug|Any CPU
		{9B8F0B03-43AD-4485-89A6-38462CFC1F56}.Debug|Any CPU.Build.0 = Debug|Any CPU
		{9B8F0B03-43AD-4485-89A6-38462CFC1F56}.Release|Any CPU.ActiveCfg = Release|Any CPU
		{9B8F0B03-43AD-4485-89A6-38462CFC1F56}.Release|Any CPU.Build.0 = Release|Any CPU
		{752C4300-0ACB-4964-A3B7-3A9E333E753C}.Debug|Any CPU.ActiveCfg = Debug|Any CPU
		{752C4300-0ACB-4964-A3B7-3A9E333E753C}.Debug|Any CPU.Build.0 = Debug|Any CPU
		{752C4300-0ACB-4964-A3B7-3A9E333E753C}.Release|Any CPU.ActiveCfg = Release|Any CPU
		{752C4300-0ACB-4964-A3B7-3A9E333E753C}.Release|Any CPU.Build.0 = Release|Any CPU
	EndGlobalSection
	GlobalSection(SolutionProperties) = preSolution
		HideSolutionNode = FALSE
	EndGlobalSection
EndGlobal
